
Microsoft Visual Studio Solution File, Format Version 12.00
# Visual Studio Version 17
VisualStudioVersion = 17.4.33205.214
MinimumVisualStudioVersion = 10.0.40219.1
Project("{9A19103F-16F7-4668-BE54-9A1E7A4F7556}") = "TuyaCoreController", "TuyaCoreController\TuyaCoreController.csproj", "{FC747907-358F-465A-951C-A69F71DF1EE2}"
EndProject
Global
	GlobalSection(SolutionConfigurationPlatforms) = preSolution
		Debug|Any CPU = Debug|Any CPU
		Release|Any CPU = Release|Any CPU
	EndGlobalSection
	GlobalSection(ProjectConfigurationPlatforms) = postSolution
		{FC747907-358F-465A-951C-A69F71DF1EE2}.Debug|Any CPU.ActiveCfg = Debug|Any CPU
		{FC747907-358F-465A-951C-A69F71DF1EE2}.Debug|Any CPU.Build.0 = Debug|Any CPU
		{FC747907-358F-465A-951C-A69F71DF1EE2}.Release|Any CPU.ActiveCfg = Release|Any CPU
		{FC747907-358F-465A-951C-A69F71DF1EE2}.Release|Any CPU.Build.0 = Release|Any CPU
	EndGlobalSection
	GlobalSection(SolutionProperties) = preSolution
		HideSolutionNode = FALSE
	EndGlobalSection
	GlobalSection(ExtensibilityGlobals) = postSolution
		SolutionGuid = {2CBBE2B6-B938-4077-B419-832A73630E32}
	EndGlobalSection
EndGlobal
